
Microsoft Visual Studio Solution File, Format Version 12.00
# Visual Studio 2012
Project("{FAE04EC0-301F-11D3-BF4B-00C04F79EFBC}") = "TruncateFile", "TruncateFile.csproj", "{EBFA7547-F37E-4C3A-908C-1CD46575B8C6}"
EndProject
Global
	GlobalSection(SolutionConfigurationPlatforms) = preSolution
		Debug|Any CPU = Debug|Any CPU
		Release|Any CPU = Release|Any CPU
	EndGlobalSection
	GlobalSection(ProjectConfigurationPlatforms) = postSolution
		{EBFA7547-F37E-4C3A-908C-1CD46575B8C6}.Debug|Any CPU.ActiveCfg = Debug|Any CPU
		{EBFA7547-F37E-4C3A-908C-1CD46575B8C6}.Debug|Any CPU.Build.0 = Debug|Any CPU
		{EBFA7547-F37E-4C3A-908C-1CD46575B8C6}.Release|Any CPU.ActiveCfg = Release|Any CPU
		{EBFA7547-F37E-4C3A-908C-1CD46575B8C6}.Release|Any CPU.Build.0 = Release|Any CPU
	EndGlobalSection
	GlobalSection(SolutionProperties) = preSolution
		HideSolutionNode = FALSE
	EndGlobalSection
EndGlobal
